# This file is automatically @generated by Cargo.
# It is not intended for manual editing.
version = 3

[[package]]
name = "djgpp"
version = "0.1.0"

[[package]]
name = "dos_x"
version = "0.1.0"
dependencies = [
 "djgpp",
]

[[package]]
name = "ferris"
version = "0.1.0"
dependencies = [
 "dos_x",
 "libm",
]

[[package]]
name = "heck"
version = "0.5.0"
source = "registry+https://github.com/rust-lang/crates.io-index"
checksum = "2304e00983f87ffb38b55b444b5e3b60a884b5d30c0fca7d82fe33449bbe55ea"

[[package]]
name = "libm"
version = "0.2.8"
source = "registry+https://github.com/rust-lang/crates.io-index"
checksum = "4ec2a862134d2a7d32d7983ddcdd1c4923530833c9f2ea1a44fc5fa473989058"

[[package]]
name = "opbinary"
version = "0.1.0"
source = "git+https://github.com/Enet4/opbinary-rs?branch=main#77f7eb937e4e83c3e5632169ea47c2631c5298df"
dependencies = [
 "snafu",
]

[[package]]
name = "opl"
version = "0.1.0"
dependencies = [
 "dos_x",
 "opbinary",
]

[[package]]
name = "proc-macro2"
version = "1.0.84"
source = "registry+https://github.com/rust-lang/crates.io-index"
checksum = "ec96c6a92621310b51366f1e28d05ef11489516e93be030060e5fc12024a49d6"
dependencies = [
 "unicode-ident",
]

[[package]]
name = "quote"
version = "1.0.36"
source = "registry+https://github.com/rust-lang/crates.io-index"
checksum = "0fa76aaf39101c457836aec0ce2316dbdc3ab723cdda1c6bd4e6ad4208acaca7"
dependencies = [
 "proc-macro2",
]

[[package]]
name = "snafu"
version = "0.8.3"
source = "registry+https://github.com/rust-lang/crates.io-index"
checksum = "418b8136fec49956eba89be7da2847ec1909df92a9ae4178b5ff0ff092c8d95e"
dependencies = [
 "snafu-derive",
]

[[package]]
name = "snafu-derive"
version = "0.8.3"
source = "registry+https://github.com/rust-lang/crates.io-index"
checksum = "1a4812a669da00d17d8266a0439eddcacbc88b17f732f927e52eeb9d196f7fb5"
dependencies = [
 "heck",
 "proc-macro2",
 "quote",
 "syn",
]

[[package]]
name = "syn"
version = "2.0.66"
source = "registry+https://github.com/rust-lang/crates.io-index"
checksum = "c42f3f41a2de00b01c0aaad383c5a45241efc8b2d1eda5661812fda5f3cdcff5"
dependencies = [
 "proc-macro2",
 "quote",
 "unicode-ident",
]

[[package]]
name = "unicode-ident"
version = "1.0.12"
source = "registry+https://github.com/rust-lang/crates.io-index"
checksum = "3354b9ac3fae1ff6755cb6db53683adb661634f67557942dea4facebec0fee4b"
